// !$*UTF8*$!
{
	archiveVersion = 1;
	classes = {
	};
	objectVersion = 50;
	objects = {

/* Begin PBXBuildFile section */
		8480ADEF23E91C3E0016A12D /* AppDelegate.swift in Sources */ = {isa = PBXBuildFile; fileRef = 8480ADEE23E91C3E0016A12D /* AppDelegate.swift */; };
		8480ADF123E91C3E0016A12D /* SceneDelegate.swift in Sources */ = {isa = PBXBuildFile; fileRef = 8480ADF023E91C3E0016A12D /* SceneDelegate.swift */; };
		8480ADF323E91C3E0016A12D /* ViewController.swift in Sources */ = {isa = PBXBuildFile; fileRef = 8480ADF223E91C3E0016A12D /* ViewController.swift */; };
		8480ADF623E91C3E0016A12D /* Main.storyboard in Resources */ = {isa = PBXBuildFile; fileRef = 8480ADF423E91C3E0016A12D /* Main.storyboard */; };
		8480ADF823E91C3F0016A12D /* Assets.xcassets in Resources */ = {isa = PBXBuildFile; fileRef = 8480ADF723E91C3F0016A12D /* Assets.xcassets */; };
		8480ADFB23E91C3F0016A12D /* LaunchScreen.storyboard in Resources */ = {isa = PBXBuildFile; fileRef = 8480ADF923E91C3F0016A12D /* LaunchScreen.storyboard */; };
		84B5829523E9AD76006F95A4 /* TableViewCell.swift in Sources */ = {isa = PBXBuildFile; fileRef = 84B5829423E9AD76006F95A4 /* TableViewCell.swift */; };
/* End PBXBuildFile section */

/* Begin PBXFileReference section */
		8480ADEB23E91C3E0016A12D /* CellCoDanTheoNoiDung.app */ = {isa = PBXFileReference; explicitFileType = wrapper.application; includeInIndex = 0; path = CellCoDanTheoNoiDung.app; sourceTree = BUILT_PRODUCTS_DIR; };
		8480ADEE23E91C3E0016A12D /* AppDelegate.swift */ = {isa = PBXFileReference; lastKnownFileType = sourcecode.swift; path = AppDelegate.swift; sourceTree = "<group>"; };
		8480ADF023E91C3E0016A12D /* SceneDelegate.swift */ = {isa = PBXFileReference; lastKnownFileType = sourcecode.swift; path = SceneDelegate.swift; sourceTree = "<group>"; };
		8480ADF223E91C3E0016A12D /* ViewController.swift */ = {isa = PBXFileReference; lastKnownFileType = sourcecode.swift; path = ViewController.swift; sourceTree = "<group>"; };
		8480ADF523E91C3E0016A12D /* Base */ = {isa = PBXFileReference; lastKnownFileType = file.storyboard; name = Base; path = Base.lproj/Main.storyboard; sourceTree = "<group>"; };
		8480ADF723E91C3F0016A12D /* Assets.xcassets */ = {isa = PBXFileReference; lastKnownFileType = folder.assetcatalog; path = Assets.xcassets; sourceTree = "<group>"; };
		8480ADFA23E91C3F0016A12D /* Base */ = {isa = PBXFileReference; lastKnownFileType = file.storyboard; name = Base; path = Base.lproj/LaunchScreen.storyboard; sourceTree = "<group>"; };
		8480ADFC23E91C3F0016A12D /* Info.plist */ = {isa = PBXFileReference; lastKnownFileType = text.plist.xml; path = Info.plist; sourceTree = "<group>"; };
		84B5829423E9AD76006F95A4 /* TableViewCell.swift */ = {isa = PBXFileReference; lastKnownFileType = sourcecode.swift; path = TableViewCell.swift; sourceTree = "<group>"; };
/* End PBXFileReference section */

/* Begin PBXFrameworksBuildPhase section */
		8480ADE823E91C3E0016A12D /* Frameworks */ = {
			isa = PBXFrameworksBuildPhase;
			buildActionMask = 2147483647;
			files = (
			);
			runOnlyForDeploymentPostprocessing = 0;
		};
/* End PBXFrameworksBuildPhase section */

/* Begin PBXGroup section */
		8480ADE223E91C3E0016A12D = {
			isa = PBXGroup;
			children = (
				8480ADED23E91C3E0016A12D /* CellCoDanTheoNoiDung */,
				8480ADEC23E91C3E0016A12D /* Products */,
			);
			sourceTree = "<group>";
		};
		8480ADEC23E91C3E0016A12D /* Products */ = {
			isa = PBXGroup;
			children = (
				8480ADEB23E91C3E0016A12D /* CellCoDanTheoNoiDung.app */,
			);
			name = Products;
			sourceTree = "<group>";
		};
		8480ADED23E91C3E0016A12D /* CellCoDanTheoNoiDung */ = {
			isa = PBXGroup;
			children = (
				8480ADEE23E91C3E0016A12D /* AppDelegate.swift */,
				8480ADF023E91C3E0016A12D /* SceneDelegate.swift */,
				8480ADF223E91C3E0016A12D /* ViewController.swift */,
				84B5829423E9AD76006F95A4 /* TableViewCell.swift */,
				8480ADF423E91C3E0016A12D /* Main.storyboard */,
				8480ADF723E91C3F0016A12D /* Assets.xcassets */,
				8480ADF923E91C3F0016A12D /* LaunchScreen.storyboard */,
				8480ADFC23E91C3F0016A12D /* Info.plist */,
			);
			path = CellCoDanTheoNoiDung;
			sourceTree = "<group>";
		};
/* End PBXGroup section */

/* Begin PBXNativeTarget section */
		8480ADEA23E91C3E0016A12D /* CellCoDanTheoNoiDung */ = {
			isa = PBXNativeTarget;
			buildConfigurationList = 8480ADFF23E91C3F0016A12D /* Build configuration list for PBXNativeTarget "CellCoDanTheoNoiDung" */;
			buildPhases = (
				8480ADE723E91C3E0016A12D /* Sources */,
				8480ADE823E91C3E0016A12D /* Frameworks */,
				8480ADE923E91C3E0016A12D /* Resources */,
			);
			buildRules = (
			);
			dependencies = (
			);
			name = CellCoDanTheoNoiDung;
			productName = CellCoDanTheoNoiDung;
			productReference = 8480ADEB23E91C3E0016A12D /* CellCoDanTheoNoiDung.app */;
			productType = "com.apple.product-type.application";
		};
/* End PBXNativeTarget section */

/* Begin PBXProject section */
		8480ADE323E91C3E0016A12D /* Project object */ = {
			isa = PBXProject;
			attributes = {
				LastSwiftUpdateCheck = 1100;
				LastUpgradeCheck = 1100;
				ORGANIZATIONNAME = Long;
				TargetAttributes = {
					8480ADEA23E91C3E0016A12D = {
						CreatedOnToolsVersion = 11.0;
					};
				};
			};
			buildConfigurationList = 8480ADE623E91C3E0016A12D /* Build configuration list for PBXProject "CellCoDanTheoNoiDung" */;
			compatibilityVersion = "Xcode 9.3";
			developmentRegion = en;
			hasScannedForEncodings = 0;
			knownRegions = (
				en,
				Base,
			);
			mainGroup = 8480ADE223E91C3E0016A12D;
			productRefGroup = 8480ADEC23E91C3E0016A12D /* Products */;
			projectDirPath = "";
			projectRoot = "";
			targets = (
				8480ADEA23E91C3E0016A12D /* CellCoDanTheoNoiDung */,
			);
		};
/* End PBXProject section */

/* Begin PBXResourcesBuildPhase section */
		8480ADE923E91C3E0016A12D /* Resources */ = {
			isa = PBXResourcesBuildPhase;
			buildActionMask = 2147483647;
			files = (
				8480ADFB23E91C3F0016A12D /* LaunchScreen.storyboard in Resources */,
				8480ADF823E91C3F0016A12D /* Assets.xcassets in Resources */,
				8480ADF623E91C3E0016A12D /* Main.storyboard in Resources */,
			);
			runOnlyForDeploymentPostprocessing = 0;
		};
/* End PBXResourcesBuildPhase section */

/* Begin PBXSourcesBuildPhase section */
		8480ADE723E91C3E0016A12D /* Sources */ = {
			isa = PBXSourcesBuildPhase;
			buildActionMask = 2147483647;
			files = (
				8480ADF323E91C3E0016A12D /* ViewController.swift in Sources */,
				84B5829523E9AD76006F95A4 /* TableViewCell.swift in Sources */,
				8480ADEF23E91C3E0016A12D /* AppDelegate.swift in Sources */,
				8480ADF123E91C3E0016A12D /* SceneDelegate.swift in Sources */,
			);
			runOnlyForDeploymentPostprocessing = 0;
		};
/* End PBXSourcesBuildPhase section */

/* Begin PBXVariantGroup section */
		8480ADF423E91C3E0016A12D /* Main.storyboard */ = {
			isa = PBXVariantGroup;
			children = (
				8480ADF523E91C3E0016A12D /* Base */,
			);
			name = Main.storyboard;
			sourceTree = "<group>";
		};
		8480ADF923E91C3F0016A12D /* LaunchScreen.storyboard */ = {
			isa = PBXVariantGroup;
			children = (
				8480ADFA23E91C3F0016A12D /* Base */,
			);
			name = LaunchScreen.storyboard;
			sourceTree = "<group>";
		};
/* End PBXVariantGroup section */

/* Begin XCBuildConfiguration section */
		8480ADFD23E91C3F0016A12D /* Debug */ = {
			isa = XCBuildConfiguration;
			buildSettings = {
				ALWAYS_SEARCH_USER_PATHS = NO;
				CLANG_ANALYZER_NONNULL = YES;
				CLANG_ANALYZER_NUMBER_OBJECT_CONVERSION = YES_AGGRESSIVE;
				CLANG_CXX_LANGUAGE_STANDARD = "gnu++14";
				CLANG_CXX_LIBRARY = "libc++";
				CLANG_ENABLE_MODULES = YES;
				CLANG_ENABLE_OBJC_ARC = YES;
				CLANG_ENABLE_OBJC_WEAK = YES;
				CLANG_WARN_BLOCK_CAPTURE_AUTORELEASING = YES;
				CLANG_WARN_BOOL_CONVERSION = YES;
				CLANG_WARN_COMMA = YES;
				CLANG_WARN_CONSTANT_CONVERSION = YES;
				CLANG_WARN_DEPRECATED_OBJC_IMPLEMENTATIONS = YES;
				CLANG_WARN_DIRECT_OBJC_ISA_USAGE = YES_ERROR;
				CLANG_WARN_DOCUMENTATION_COMMENTS = YES;
				CLANG_WARN_EMPTY_BODY = YES;
				CLANG_WARN_ENUM_CONVERSION = YES;
				CLANG_WARN_INFINITE_RECURSION = YES;
				CLANG_WARN_INT_CONVERSION = YES;
				CLANG_WARN_NON_LITERAL_NULL_CONVERSION = YES;
				CLANG_WARN_OBJC_IMPLICIT_RETAIN_SELF = YES;
				CLANG_WARN_OBJC_LITERAL_CONVERSION = YES;
				CLANG_WARN_OBJC_ROOT_CLASS = YES_ERROR;
				CLANG_WARN_RANGE_LOOP_ANALYSIS = YES;
				CLANG_WARN_STRICT_PROTOTYPES = YES;
				CLANG_WARN_SUSPICIOUS_MOVE = YES;
				CLANG_WARN_UNGUARDED_AVAILABILITY = YES_AGGRESSIVE;
				CLANG_WARN_UNREACHABLE_CODE = YES;
				CLANG_WARN__DUPLICATE_METHOD_MATCH = YES;
				COPY_PHASE_STRIP = NO;
				DEBUG_INFORMATION_FORMAT = dwarf;
				ENABLE_STRICT_OBJC_MSGSEND = YES;
				ENABLE_TESTABILITY = YES;
				GCC_C_LANGUAGE_STANDARD = gnu11;
				GCC_DYNAMIC_NO_PIC = NO;
				GCC_NO_COMMON_BLOCKS = YES;
				GCC_OPTIMIZATION_LEVEL = 0;
				GCC_PREPROCESSOR_DEFINITIONS = (
					"DEBUG=1",
					"$(inherited)",
				);
				GCC_WARN_64_TO_32_BIT_CONVERSION = YES;
				GCC_WARN_ABOUT_RETURN_TYPE = YES_ERROR;
				GCC_WARN_UNDECLARED_SELECTOR = YES;
				GCC_WARN_UNINITIALIZED_AUTOS = YES_AGGRESSIVE;
				GCC_WARN_UNUSED_FUNCTION = YES;
				GCC_WARN_UNUSED_VARIABLE = YES;
				IPHONEOS_DEPLOYMENT_TARGET = 13.0;
				MTL_ENABLE_DEBUG_INFO = INCLUDE_SOURCE;
				MTL_FAST_MATH = YES;
				ONLY_ACTIVE_ARCH = YES;
				SDKROOT = iphoneos;
				SWIFT_ACTIVE_COMPILATION_CONDITIONS = DEBUG;
				SWIFT_OPTIMIZATION_LEVEL = "-Onone";
			};
			name = Debug;
		};
		8480ADFE23E91C3F0016A12D /* Release */ = {
			isa = XCBuildConfiguration;
			buildSettings = {
				ALWAYS_SEARCH_USER_PATHS = NO;
				CLANG_ANALYZER_NONNULL = YES;
				CLANG_ANALYZER_NUMBER_OBJECT_CONVERSION = YES_AGGRESSIVE;
				CLANG_CXX_LANGUAGE_STANDARD = "gnu++14";
				CLANG_CXX_LIBRARY = "libc++";
				CLANG_ENABLE_MODULES = YES;
				CLANG_ENABLE_OBJC_ARC = YES;
				CLANG_ENABLE_OBJC_WEAK = YES;
				CLANG_WARN_BLOCK_CAPTURE_AUTORELEASING = YES;
				CLANG_WARN_BOOL_CONVERSION = YES;
				CLANG_WARN_COMMA = YES;
				CLANG_WARN_CONSTANT_CONVERSION = YES;
				CLANG_WARN_DEPRECATED_OBJC_IMPLEMENTATIONS = YES;
				CLANG_WARN_DIRECT_OBJC_ISA_USAGE = YES_ERROR;
				CLANG_WARN_DOCUMENTATION_COMMENTS = YES;
				CLANG_WARN_EMPTY_BODY = YES;
				CLANG_WARN_ENUM_CONVERSION = YES;
				CLANG_WARN_INFINITE_RECURSION = YES;
				CLANG_WARN_INT_CONVERSION = YES;
				CLANG_WARN_NON_LITERAL_NULL_CONVERSION = YES;
				CLANG_WARN_OBJC_IMPLICIT_RETAIN_SELF = YES;
				CLANG_WARN_OBJC_LITERAL_CONVERSION = YES;
				CLANG_WARN_OBJC_ROOT_CLASS = YES_ERROR;
				CLANG_WARN_RANGE_LOOP_ANALYSIS = YES;
				CLANG_WARN_STRICT_PROTOTYPES = YES;
				CLANG_WARN_SUSPICIOUS_MOVE = YES;
				CLANG_WARN_UNGUARDED_AVAILABILITY = YES_AGGRESSIVE;
				CLANG_WARN_UNREACHABLE_CODE = YES;
				CLANG_WARN__DUPLICATE_METHOD_MATCH = YES;
				COPY_PHASE_STRIP = NO;
				DEBUG_INFORMATION_FORMAT = "dwarf-with-dsym";
				ENABLE_NS_ASSERTIONS = NO;
				ENABLE_STRICT_OBJC_MSGSEND = YES;
				GCC_C_LANGUAGE_STANDARD = gnu11;
				GCC_NO_COMMON_BLOCKS = YES;
				GCC_WARN_64_TO_32_BIT_CONVERSION = YES;
				GCC_WARN_ABOUT_RETURN_TYPE = YES_ERROR;
				GCC_WARN_UNDECLARED_SELECTOR = YES;
				GCC_WARN_UNINITIALIZED_AUTOS = YES_AGGRESSIVE;
				GCC_WARN_UNUSED_FUNCTION = YES;
				GCC_WARN_UNUSED_VARIABLE = YES;
				IPHONEOS_DEPLOYMENT_TARGET = 13.0;
				MTL_ENABLE_DEBUG_INFO = NO;
				MTL_FAST_MATH = YES;
				SDKROOT = iphoneos;
				SWIFT_COMPILATION_MODE = wholemodule;
				SWIFT_OPTIMIZATION_LEVEL = "-O";
				VALIDATE_PRODUCT = YES;
			};
			name = Release;
		};
		8480AE0023E91C3F0016A12D /* Debug */ = {
			isa = XCBuildConfiguration;
			buildSettings = {
				ASSETCATALOG_COMPILER_APPICON_NAME = AppIcon;
				CODE_SIGN_STYLE = Automatic;
				INFOPLIST_FILE = CellCoDanTheoNoiDung/Info.plist;
				LD_RUNPATH_SEARCH_PATHS = (
					"$(inherited)",
					"@executable_path/Frameworks",
				);
				PRODUCT_BUNDLE_IDENTIFIER = Long.CellCoDanTheoNoiDung;
				PRODUCT_NAME = "$(TARGET_NAME)";
				SWIFT_VERSION = 5.0;
				TARGETED_DEVICE_FAMILY = "1,2";
			};
			name = Debug;
		};
		8480AE0123E91C3F0016A12D /* Release */ = {
			isa = XCBuildConfiguration;
			buildSettings = {
				ASSETCATALOG_COMPILER_APPICON_NAME = AppIcon;
				CODE_SIGN_STYLE = Automatic;
				INFOPLIST_FILE = CellCoDanTheoNoiDung/Info.plist;
				LD_RUNPATH_SEARCH_PATHS = (
					"$(inherited)",
					"@executable_path/Frameworks",
				);
				PRODUCT_BUNDLE_IDENTIFIER = Long.CellCoDanTheoNoiDung;
				PRODUCT_NAME = "$(TARGET_NAME)";
				SWIFT_VERSION = 5.0;
				TARGETED_DEVICE_FAMILY = "1,2";
			};
			name = Release;
		};
/* End XCBuildConfiguration section */

/* Begin XCConfigurationList section */
		8480ADE623E91C3E0016A12D /* Build configuration list for PBXProject "CellCoDanTheoNoiDung" */ = {
			isa = XCConfigurationList;
			buildConfigurations = (
				8480ADFD23E91C3F0016A12D /* Debug */,
				8480ADFE23E91C3F0016A12D /* Release */,
			);
			defaultConfigurationIsVisible = 0;
			defaultConfigurationName = Release;
		};
		8480ADFF23E91C3F0016A12D /* Build configuration list for PBXNativeTarget "CellCoDanTheoNoiDung" */ = {
			isa = XCConfigurationList;
			buildConfigurations = (
				8480AE0023E91C3F0016A12D /* Debug */,
				8480AE0123E91C3F0016A12D /* Release */,
			);
			defaultConfigurationIsVisible = 0;
			defaultConfigurationName = Release;
		};
/* End XCConfigurationList section */
	};
	rootObject = 8480ADE323E91C3E0016A12D /* Project object */;
}
